
Microsoft Visual Studio Solution File, Format Version 12.00
# Visual Studio 2012
Project("{FAE04EC0-301F-11D3-BF4B-00C04F79EFBC}") = "Website", "Website.csproj", "{4953AAA9-9F2A-4A27-B95D-53A514E60418}"
EndProject
Global
	GlobalSection(SolutionConfigurationPlatforms) = preSolution
		Debug|Any CPU = Debug|Any CPU
		Release|Any CPU = Release|Any CPU
	EndGlobalSection
	GlobalSection(ProjectConfigurationPlatforms) = postSolution
		{4953AAA9-9F2A-4A27-B95D-53A514E60418}.Debug|Any CPU.ActiveCfg = Debug|Any CPU
		{4953AAA9-9F2A-4A27-B95D-53A514E60418}.Debug|Any CPU.Build.0 = Debug|Any CPU
		{4953AAA9-9F2A-4A27-B95D-53A514E60418}.Release|Any CPU.ActiveCfg = Release|Any CPU
		{4953AAA9-9F2A-4A27-B95D-53A514E60418}.Release|Any CPU.Build.0 = Release|Any CPU
	EndGlobalSection
	GlobalSection(SolutionProperties) = preSolution
		HideSolutionNode = FALSE
	EndGlobalSection
	GlobalSection(NestedProjects) = preSolution
		{22BA3FB3-8D33-428A-B56B-8A149EBE0423} = {040B4BF2-283F-4EE5-A878-4925713FE2BA}
		{DF66A923-5F60-47D4-95EC-0DBC563AE956} = {040B4BF2-283F-4EE5-A878-4925713FE2BA}
	EndGlobalSection
EndGlobal
